
Microsoft Visual Studio Solution File, Format Version 12.00
# Visual Studio Version 16
VisualStudioVersion = 16.0.28902.138
MinimumVisualStudioVersion = 10.0.40219.1
Project("{FAE04EC0-301F-11D3-BF4B-00C04F79EFBC}") = "ElementBindingSample", "ElementBindingSample\ElementBindingSample.csproj", "{BF93C30F-AC2D-4EED-83F1-2CF040C6B846}"
EndProject
Global
	GlobalSection(SolutionConfigurationPlatforms) = preSolution
		Debug|Any CPU = Debug|Any CPU
		Release|Any CPU = Release|Any CPU
	EndGlobalSection
	GlobalSection(ProjectConfigurationPlatforms) = postSolution
		{BF93C30F-AC2D-4EED-83F1-2CF040C6B846}.Debug|Any CPU.ActiveCfg = Debug|Any CPU
		{BF93C30F-AC2D-4EED-83F1-2CF040C6B846}.Debug|Any CPU.Build.0 = Debug|Any CPU
		{BF93C30F-AC2D-4EED-83F1-2CF040C6B846}.Release|Any CPU.ActiveCfg = Release|Any CPU
		{BF93C30F-AC2D-4EED-83F1-2CF040C6B846}.Release|Any CPU.Build.0 = Release|Any CPU
	EndGlobalSection
	GlobalSection(SolutionProperties) = preSolution
		HideSolutionNode = FALSE
	EndGlobalSection
	GlobalSection(ExtensibilityGlobals) = postSolution
		SolutionGuid = {A35B1B62-5EE0-4E2C-A884-3CD8FCEBD0B9}
	EndGlobalSection
EndGlobal
