
Microsoft Visual Studio Solution File, Format Version 12.00
# Visual Studio Version 16
VisualStudioVersion = 16.0.28902.138
MinimumVisualStudioVersion = 10.0.40219.1
Project("{FAE04EC0-301F-11D3-BF4B-00C04F79EFBC}") = "MySimpleEditor", "MySimpleEditor\MySimpleEditor.csproj", "{58819A5D-F996-4C5C-8C02-05FDF8356BCE}"
EndProject
Global
	GlobalSection(SolutionConfigurationPlatforms) = preSolution
		Debug|Any CPU = Debug|Any CPU
		Release|Any CPU = Release|Any CPU
	EndGlobalSection
	GlobalSection(ProjectConfigurationPlatforms) = postSolution
		{58819A5D-F996-4C5C-8C02-05FDF8356BCE}.Debug|Any CPU.ActiveCfg = Debug|Any CPU
		{58819A5D-F996-4C5C-8C02-05FDF8356BCE}.Debug|Any CPU.Build.0 = Debug|Any CPU
		{58819A5D-F996-4C5C-8C02-05FDF8356BCE}.Release|Any CPU.ActiveCfg = Release|Any CPU
		{58819A5D-F996-4C5C-8C02-05FDF8356BCE}.Release|Any CPU.Build.0 = Release|Any CPU
	EndGlobalSection
	GlobalSection(SolutionProperties) = preSolution
		HideSolutionNode = FALSE
	EndGlobalSection
	GlobalSection(ExtensibilityGlobals) = postSolution
		SolutionGuid = {A085A1AF-B4F9-4814-8B18-FCBD642CCB0F}
	EndGlobalSection
EndGlobal
