
Microsoft Visual Studio Solution File, Format Version 12.00
# Visual Studio Version 16
VisualStudioVersion = 16.0.28902.138
MinimumVisualStudioVersion = 10.0.40219.1
Project("{FAE04EC0-301F-11D3-BF4B-00C04F79EFBC}") = "DependencyInjectionSample", "DependencyInjectionSample\DependencyInjectionSample.csproj", "{5F3ABC73-A1CF-44A7-A229-12D8A7E63120}"
EndProject
Project("{FAE04EC0-301F-11D3-BF4B-00C04F79EFBC}") = "WithDependencyInjection", "WithDependencyInjection\WithDependencyInjection.csproj", "{2E847410-21C1-49C3-986E-5F7A615BB035}"
EndProject
Project("{FAE04EC0-301F-11D3-BF4B-00C04F79EFBC}") = "WithDependencyInjectionContainer", "WithDependencyInjectionContainer\WithDependencyInjectionContainer.csproj", "{3F9F050F-D688-4E38-A3FD-805A21AB466A}"
EndProject
Global
	GlobalSection(SolutionConfigurationPlatforms) = preSolution
		Debug|Any CPU = Debug|Any CPU
		Release|Any CPU = Release|Any CPU
	EndGlobalSection
	GlobalSection(ProjectConfigurationPlatforms) = postSolution
		{5F3ABC73-A1CF-44A7-A229-12D8A7E63120}.Debug|Any CPU.ActiveCfg = Debug|Any CPU
		{5F3ABC73-A1CF-44A7-A229-12D8A7E63120}.Debug|Any CPU.Build.0 = Debug|Any CPU
		{5F3ABC73-A1CF-44A7-A229-12D8A7E63120}.Release|Any CPU.ActiveCfg = Release|Any CPU
		{5F3ABC73-A1CF-44A7-A229-12D8A7E63120}.Release|Any CPU.Build.0 = Release|Any CPU
		{2E847410-21C1-49C3-986E-5F7A615BB035}.Debug|Any CPU.ActiveCfg = Debug|Any CPU
		{2E847410-21C1-49C3-986E-5F7A615BB035}.Debug|Any CPU.Build.0 = Debug|Any CPU
		{2E847410-21C1-49C3-986E-5F7A615BB035}.Release|Any CPU.ActiveCfg = Release|Any CPU
		{2E847410-21C1-49C3-986E-5F7A615BB035}.Release|Any CPU.Build.0 = Release|Any CPU
		{3F9F050F-D688-4E38-A3FD-805A21AB466A}.Debug|Any CPU.ActiveCfg = Debug|Any CPU
		{3F9F050F-D688-4E38-A3FD-805A21AB466A}.Debug|Any CPU.Build.0 = Debug|Any CPU
		{3F9F050F-D688-4E38-A3FD-805A21AB466A}.Release|Any CPU.ActiveCfg = Release|Any CPU
		{3F9F050F-D688-4E38-A3FD-805A21AB466A}.Release|Any CPU.Build.0 = Release|Any CPU
	EndGlobalSection
	GlobalSection(SolutionProperties) = preSolution
		HideSolutionNode = FALSE
	EndGlobalSection
	GlobalSection(ExtensibilityGlobals) = postSolution
		SolutionGuid = {EE22A4EC-0096-4EE1-A90A-C2E4FC4C9A5C}
	EndGlobalSection
EndGlobal
