
Microsoft Visual Studio Solution File, Format Version 12.00
# Visual Studio Version 16
VisualStudioVersion = 16.0.28902.138
MinimumVisualStudioVersion = 10.0.40219.1
Project("{FAE04EC0-301F-11D3-BF4B-00C04F79EFBC}") = "MVCDemo", "MVCDemo\MVCDemo.csproj", "{5E6D2A71-2010-439C-B16D-3C70CE838D29}"
EndProject
Global
	GlobalSection(SolutionConfigurationPlatforms) = preSolution
		Debug|Any CPU = Debug|Any CPU
		Release|Any CPU = Release|Any CPU
	EndGlobalSection
	GlobalSection(ProjectConfigurationPlatforms) = postSolution
		{5E6D2A71-2010-439C-B16D-3C70CE838D29}.Debug|Any CPU.ActiveCfg = Debug|Any CPU
		{5E6D2A71-2010-439C-B16D-3C70CE838D29}.Debug|Any CPU.Build.0 = Debug|Any CPU
		{5E6D2A71-2010-439C-B16D-3C70CE838D29}.Release|Any CPU.ActiveCfg = Release|Any CPU
		{5E6D2A71-2010-439C-B16D-3C70CE838D29}.Release|Any CPU.Build.0 = Release|Any CPU
	EndGlobalSection
	GlobalSection(SolutionProperties) = preSolution
		HideSolutionNode = FALSE
	EndGlobalSection
	GlobalSection(ExtensibilityGlobals) = postSolution
		SolutionGuid = {12ACEA3C-83A1-40C6-9C40-854EAD380687}
	EndGlobalSection
EndGlobal
