
Microsoft Visual Studio Solution File, Format Version 12.00
# Visual Studio Version 16
VisualStudioVersion = 16.0.28902.138
MinimumVisualStudioVersion = 10.0.40219.1
Project("{FAE04EC0-301F-11D3-BF4B-00C04F79EFBC}") = "LayoutSample", "LayoutSample\LayoutSample.csproj", "{28092EEE-A26F-43C0-A2E0-B937F23938C8}"
EndProject
Global
	GlobalSection(SolutionConfigurationPlatforms) = preSolution
		Debug|Any CPU = Debug|Any CPU
		Release|Any CPU = Release|Any CPU
	EndGlobalSection
	GlobalSection(ProjectConfigurationPlatforms) = postSolution
		{28092EEE-A26F-43C0-A2E0-B937F23938C8}.Debug|Any CPU.ActiveCfg = Debug|Any CPU
		{28092EEE-A26F-43C0-A2E0-B937F23938C8}.Debug|Any CPU.Build.0 = Debug|Any CPU
		{28092EEE-A26F-43C0-A2E0-B937F23938C8}.Release|Any CPU.ActiveCfg = Release|Any CPU
		{28092EEE-A26F-43C0-A2E0-B937F23938C8}.Release|Any CPU.Build.0 = Release|Any CPU
	EndGlobalSection
	GlobalSection(SolutionProperties) = preSolution
		HideSolutionNode = FALSE
	EndGlobalSection
	GlobalSection(ExtensibilityGlobals) = postSolution
		SolutionGuid = {296FC628-2AD4-4BFA-8078-A4AE5F0DE832}
	EndGlobalSection
EndGlobal
