
Microsoft Visual Studio Solution File, Format Version 12.00
# Visual Studio Version 16
VisualStudioVersion = 16.0.28902.138
MinimumVisualStudioVersion = 10.0.40219.1
Project("{FAE04EC0-301F-11D3-BF4B-00C04F79EFBC}") = "ValidationSample", "ValidationSample\ValidationSample.csproj", "{7E0A0C28-A3EB-4D8C-8E9D-65E1F4440AEF}"
EndProject
Global
	GlobalSection(SolutionConfigurationPlatforms) = preSolution
		Debug|Any CPU = Debug|Any CPU
		Release|Any CPU = Release|Any CPU
	EndGlobalSection
	GlobalSection(ProjectConfigurationPlatforms) = postSolution
		{7E0A0C28-A3EB-4D8C-8E9D-65E1F4440AEF}.Debug|Any CPU.ActiveCfg = Debug|Any CPU
		{7E0A0C28-A3EB-4D8C-8E9D-65E1F4440AEF}.Debug|Any CPU.Build.0 = Debug|Any CPU
		{7E0A0C28-A3EB-4D8C-8E9D-65E1F4440AEF}.Release|Any CPU.ActiveCfg = Release|Any CPU
		{7E0A0C28-A3EB-4D8C-8E9D-65E1F4440AEF}.Release|Any CPU.Build.0 = Release|Any CPU
	EndGlobalSection
	GlobalSection(SolutionProperties) = preSolution
		HideSolutionNode = FALSE
	EndGlobalSection
	GlobalSection(ExtensibilityGlobals) = postSolution
		SolutionGuid = {19FD3B70-1CC9-456A-BBC7-0B4987617CC8}
	EndGlobalSection
EndGlobal
