
Microsoft Visual Studio Solution File, Format Version 12.00
# Visual Studio Version 16
VisualStudioVersion = 16.0.28902.138
MinimumVisualStudioVersion = 10.0.40219.1
Project("{FAE04EC0-301F-11D3-BF4B-00C04F79EFBC}") = "MyFirstWPFApp", "MyFirstWPFApp\MyFirstWPFApp.csproj", "{1A23CD39-4B88-4034-A3F3-AAF87BDA88F3}"
EndProject
Global
	GlobalSection(SolutionConfigurationPlatforms) = preSolution
		Debug|Any CPU = Debug|Any CPU
		Release|Any CPU = Release|Any CPU
	EndGlobalSection
	GlobalSection(ProjectConfigurationPlatforms) = postSolution
		{1A23CD39-4B88-4034-A3F3-AAF87BDA88F3}.Debug|Any CPU.ActiveCfg = Debug|Any CPU
		{1A23CD39-4B88-4034-A3F3-AAF87BDA88F3}.Debug|Any CPU.Build.0 = Debug|Any CPU
		{1A23CD39-4B88-4034-A3F3-AAF87BDA88F3}.Release|Any CPU.ActiveCfg = Release|Any CPU
		{1A23CD39-4B88-4034-A3F3-AAF87BDA88F3}.Release|Any CPU.Build.0 = Release|Any CPU
	EndGlobalSection
	GlobalSection(SolutionProperties) = preSolution
		HideSolutionNode = FALSE
	EndGlobalSection
	GlobalSection(ExtensibilityGlobals) = postSolution
		SolutionGuid = {5F4FA188-0BE3-4852-B4F9-D325E3120FEA}
	EndGlobalSection
EndGlobal
